{
    "name": "@aishe/session-3",
    "version": "1.0.0",
    "lockfileVersion": 3,
    "requires": true,
    "packages": {
        "": {
            "name": "@aishe/session-3",
            "version": "1.0.0",
            "dependencies": {
                "@redis-ai/langcache": "0.11.1"
            }
        },
        "node_modules/@redis-ai/langcache": {
            "version": "0.11.1",
            "resolved": "https://registry.npmjs.org/@redis-ai/langcache/-/langcache-0.11.1.tgz",
            "integrity": "sha512-3gVBC8wmreEl7gsX9dzZr3EfTqOt4yq63tqwEVZF5/S+vSNlFmGIXzWk3tab5bOKTXfZl61y0v+1qQbD5KzlBw==",
            "dependencies": {
                "zod": "^3.25.0 || ^4.0.0"
            }
        },
        "node_modules/zod": {
            "version": "4.3.6",
            "resolved": "https://registry.npmjs.org/zod/-/zod-4.3.6.tgz",
            "integrity": "sha512-rftlrkhHZOcjDwkGlnUtZZkvaPHCsDATp4pGpuOOMDaTdDDXF91wuVDJoWoPsKX/3YPQ5fHuF3STjcYyKr+Qhg==",
            "license": "MIT",
            "funding": {
                "url": "https://github.com/sponsors/colinhacks"
            }
        }
    }
}
